// !$*UTF8*$!
{
	archiveVersion = 1;
	classes = {
	};
	objectVersion = 52;
	objects = {

/* Begin PBXBuildFile section */
		2D39D3B026E2773F00C312A9 /* ReleaseCollectionViewModel.swift in Sources */ = {isa = PBXBuildFile; fileRef = 2D39D3AF26E2773F00C312A9 /* ReleaseCollectionViewModel.swift */; };
		2D39D3B226E2911900C312A9 /* ReleaseDetailView.swift in Sources */ = {isa = PBXBuildFile; fileRef = 2D39D3B126E2911900C312A9 /* ReleaseDetailView.swift */; };
		2D44EFA726B4CD3800E4A1FE /* DSSwiftUIApp.swift in Sources */ = {isa = PBXBuildFile; fileRef = 2D44EFA626B4CD3800E4A1FE /* DSSwiftUIApp.swift */; };
		2D44EFAB26B4CD3A00E4A1FE /* Assets.xcassets in Resources */ = {isa = PBXBuildFile; fileRef = 2D44EFAA26B4CD3A00E4A1FE /* Assets.xcassets */; };
		2D44EFAE26B4CD3A00E4A1FE /* Preview Assets.xcassets in Resources */ = {isa = PBXBuildFile; fileRef = 2D44EFAD26B4CD3A00E4A1FE /* Preview Assets.xcassets */; };
		2D44EFBB26B4CD8000E4A1FE /* LoginView.swift in Sources */ = {isa = PBXBuildFile; fileRef = 2D44EFBA26B4CD8000E4A1FE /* LoginView.swift */; };
		2D44EFBD26B4D2F600E4A1FE /* DCManager.swift in Sources */ = {isa = PBXBuildFile; fileRef = 2D44EFBC26B4D2F600E4A1FE /* DCManager.swift */; };
		2D44EFBF26B4D87D00E4A1FE /* UserAgentString.swift in Sources */ = {isa = PBXBuildFile; fileRef = 2D44EFBE26B4D87D00E4A1FE /* UserAgentString.swift */; };
		2D44EFC426B5A36B00E4A1FE /* MainView.swift in Sources */ = {isa = PBXBuildFile; fileRef = 2D44EFC326B5A36B00E4A1FE /* MainView.swift */; };
		2D44EFC626B5A5DB00E4A1FE /* MenuView.swift in Sources */ = {isa = PBXBuildFile; fileRef = 2D44EFC526B5A5DB00E4A1FE /* MenuView.swift */; };
		2D44EFCB26B5C28200E4A1FE /* ViewExtensions.swift in Sources */ = {isa = PBXBuildFile; fileRef = 2D44EFCA26B5C28200E4A1FE /* ViewExtensions.swift */; };
		2D44EFCD26B5C4A400E4A1FE /* LFManager.swift in Sources */ = {isa = PBXBuildFile; fileRef = 2D44EFCC26B5C4A400E4A1FE /* LFManager.swift */; };
		2D44EFD226B5C66100E4A1FE /* Common.swift in Sources */ = {isa = PBXBuildFile; fileRef = 2D44EFD126B5C66100E4A1FE /* Common.swift */; };
		2D44EFD426B5C6FB00E4A1FE /* Secret.swift in Sources */ = {isa = PBXBuildFile; fileRef = 2D44EFD326B5C6FB00E4A1FE /* Secret.swift */; };
		2D44EFD626B5C7ED00E4A1FE /* LFModels.swift in Sources */ = {isa = PBXBuildFile; fileRef = 2D44EFD526B5C7ED00E4A1FE /* LFModels.swift */; };
		2D44EFD826B5CEE000E4A1FE /* DCModels.swift in Sources */ = {isa = PBXBuildFile; fileRef = 2D44EFD726B5CEE000E4A1FE /* DCModels.swift */; };
		2D4E2DF0273C6F0E00662540 /* RealmListView.swift in Sources */ = {isa = PBXBuildFile; fileRef = 2D4E2DEF273C6F0E00662540 /* RealmListView.swift */; };
		2D622CA926CCCC73009F7D55 /* Roboto-Medium.ttf in Resources */ = {isa = PBXBuildFile; fileRef = 2D622C9C26CCCC73009F7D55 /* Roboto-Medium.ttf */; };
		2D622CAA26CCCC73009F7D55 /* Roboto-Light.ttf in Resources */ = {isa = PBXBuildFile; fileRef = 2D622C9D26CCCC73009F7D55 /* Roboto-Light.ttf */; };
		2D622CAB26CCCC73009F7D55 /* Roboto-Regular.ttf in Resources */ = {isa = PBXBuildFile; fileRef = 2D622C9E26CCCC73009F7D55 /* Roboto-Regular.ttf */; };
		2D622CAC26CCCC73009F7D55 /* Roboto-MediumItalic.ttf in Resources */ = {isa = PBXBuildFile; fileRef = 2D622C9F26CCCC73009F7D55 /* Roboto-MediumItalic.ttf */; };
		2D622CAD26CCCC73009F7D55 /* Roboto-ThinItalic.ttf in Resources */ = {isa = PBXBuildFile; fileRef = 2D622CA026CCCC73009F7D55 /* Roboto-ThinItalic.ttf */; };
		2D622CAE26CCCC73009F7D55 /* Roboto-BoldItalic.ttf in Resources */ = {isa = PBXBuildFile; fileRef = 2D622CA126CCCC73009F7D55 /* Roboto-BoldItalic.ttf */; };
		2D622CAF26CCCC73009F7D55 /* Roboto-LightItalic.ttf in Resources */ = {isa = PBXBuildFile; fileRef = 2D622CA226CCCC73009F7D55 /* Roboto-LightItalic.ttf */; };
		2D622CB026CCCC73009F7D55 /* Roboto-Italic.ttf in Resources */ = {isa = PBXBuildFile; fileRef = 2D622CA326CCCC73009F7D55 /* Roboto-Italic.ttf */; };
		2D622CB126CCCC73009F7D55 /* LICENSE.txt in Resources */ = {isa = PBXBuildFile; fileRef = 2D622CA426CCCC73009F7D55 /* LICENSE.txt */; };
		2D622CB226CCCC73009F7D55 /* Roboto-BlackItalic.ttf in Resources */ = {isa = PBXBuildFile; fileRef = 2D622CA526CCCC73009F7D55 /* Roboto-BlackItalic.ttf */; };
		2D622CB326CCCC73009F7D55 /* Roboto-Bold.ttf in Resources */ = {isa = PBXBuildFile; fileRef = 2D622CA626CCCC73009F7D55 /* Roboto-Bold.ttf */; };
		2D622CB426CCCC73009F7D55 /* Roboto-Thin.ttf in Resources */ = {isa = PBXBuildFile; fileRef = 2D622CA726CCCC73009F7D55 /* Roboto-Thin.ttf */; };
		2D622CB526CCCC73009F7D55 /* Roboto-Black.ttf in Resources */ = {isa = PBXBuildFile; fileRef = 2D622CA826CCCC73009F7D55 /* Roboto-Black.ttf */; };
		2D622CB726CCCC90009F7D55 /* Fonts.swift in Sources */ = {isa = PBXBuildFile; fileRef = 2D622CB626CCCC90009F7D55 /* Fonts.swift */; };
		2D66A30B273DD86C00473FAA /* Realm in Frameworks */ = {isa = PBXBuildFile; productRef = 2D66A30A273DD86C00473FAA /* Realm */; };
		2D66A30D273DD86C00473FAA /* RealmSwift in Frameworks */ = {isa = PBXBuildFile; productRef = 2D66A30C273DD86C00473FAA /* RealmSwift */; };
		2D6EE05D26E7EAF300F98B43 /* ReadMe.md in Resources */ = {isa = PBXBuildFile; fileRef = 2D6EE05C26E7EAF300F98B43 /* ReadMe.md */; };
		2D6EE06326E9413500F98B43 /* KeychainManager.swift in Sources */ = {isa = PBXBuildFile; fileRef = 2D6EE06226E9413500F98B43 /* KeychainManager.swift */; };
		2D6EE06526E945EA00F98B43 /* LoginViewModel.swift in Sources */ = {isa = PBXBuildFile; fileRef = 2D6EE06426E945EA00F98B43 /* LoginViewModel.swift */; };
		2DA3BB2526BF04BC00AEAB48 /* RefreshControlView.swift in Sources */ = {isa = PBXBuildFile; fileRef = 2DA3BB2426BF04BC00AEAB48 /* RefreshControlView.swift */; };
		2DCAF99B272871B900649636 /* OAuthSwift in Frameworks */ = {isa = PBXBuildFile; productRef = 2DCAF99A272871B900649636 /* OAuthSwift */; };
		2DCC292926BB451A0062B56F /* ReleaseViewModel.swift in Sources */ = {isa = PBXBuildFile; fileRef = 2DCC292826BB451A0062B56F /* ReleaseViewModel.swift */; };
		2DCC292B26BB46D40062B56F /* ReleaseListView.swift in Sources */ = {isa = PBXBuildFile; fileRef = 2DCC292A26BB46D40062B56F /* ReleaseListView.swift */; };
		2DCC292E26BC42040062B56F /* RemoteImage.swift in Sources */ = {isa = PBXBuildFile; fileRef = 2DCC292D26BC42040062B56F /* RemoteImage.swift */; };
		2DD2F7D526BDB699006D8F40 /* FilterView.swift in Sources */ = {isa = PBXBuildFile; fileRef = 2DD2F7D426BDB699006D8F40 /* FilterView.swift */; };
		2DD2F7D726BDB6F2006D8F40 /* SmartSearchMatcher.swift in Sources */ = {isa = PBXBuildFile; fileRef = 2DD2F7D626BDB6F2006D8F40 /* SmartSearchMatcher.swift */; };
		2DD46A7A26C09A4E00FF53D5 /* FilterController.swift in Sources */ = {isa = PBXBuildFile; fileRef = 2DD46A7926C09A4E00FF53D5 /* FilterController.swift */; };
/* End PBXBuildFile section */

/* Begin PBXFileReference section */
		2D39D3AF26E2773F00C312A9 /* ReleaseCollectionViewModel.swift */ = {isa = PBXFileReference; lastKnownFileType = sourcecode.swift; path = ReleaseCollectionViewModel.swift; sourceTree = "<group>"; };
		2D39D3B126E2911900C312A9 /* ReleaseDetailView.swift */ = {isa = PBXFileReference; lastKnownFileType = sourcecode.swift; path = ReleaseDetailView.swift; sourceTree = "<group>"; };
		2D44EFA326B4CD3800E4A1FE /* DSSwiftUI.app */ = {isa = PBXFileReference; explicitFileType = wrapper.application; includeInIndex = 0; path = DSSwiftUI.app; sourceTree = BUILT_PRODUCTS_DIR; };
		2D44EFA626B4CD3800E4A1FE /* DSSwiftUIApp.swift */ = {isa = PBXFileReference; lastKnownFileType = sourcecode.swift; path = DSSwiftUIApp.swift; sourceTree = "<group>"; };
		2D44EFAA26B4CD3A00E4A1FE /* Assets.xcassets */ = {isa = PBXFileReference; lastKnownFileType = folder.assetcatalog; path = Assets.xcassets; sourceTree = "<group>"; };
		2D44EFAD26B4CD3A00E4A1FE /* Preview Assets.xcassets */ = {isa = PBXFileReference; lastKnownFileType = folder.assetcatalog; path = "Preview Assets.xcassets"; sourceTree = "<group>"; };
		2D44EFB426B4CD3A00E4A1FE /* Info.plist */ = {isa = PBXFileReference; lastKnownFileType = text.plist.xml; path = Info.plist; sourceTree = "<group>"; };
		2D44EFBA26B4CD8000E4A1FE /* LoginView.swift */ = {isa = PBXFileReference; lastKnownFileType = sourcecode.swift; path = LoginView.swift; sourceTree = "<group>"; };
		2D44EFBC26B4D2F600E4A1FE /* DCManager.swift */ = {isa = PBXFileReference; lastKnownFileType = sourcecode.swift; path = DCManager.swift; sourceTree = "<group>"; };
		2D44EFBE26B4D87D00E4A1FE /* UserAgentString.swift */ = {isa = PBXFileReference; lastKnownFileType = sourcecode.swift; path = UserAgentString.swift; sourceTree = "<group>"; };
		2D44EFC326B5A36B00E4A1FE /* MainView.swift */ = {isa = PBXFileReference; lastKnownFileType = sourcecode.swift; path = MainView.swift; sourceTree = "<group>"; };
		2D44EFC526B5A5DB00E4A1FE /* MenuView.swift */ = {isa = PBXFileReference; lastKnownFileType = sourcecode.swift; path = MenuView.swift; sourceTree = "<group>"; };
		2D44EFCA26B5C28200E4A1FE /* ViewExtensions.swift */ = {isa = PBXFileReference; lastKnownFileType = sourcecode.swift; path = ViewExtensions.swift; sourceTree = "<group>"; };
		2D44EFCC26B5C4A400E4A1FE /* LFManager.swift */ = {isa = PBXFileReference; lastKnownFileType = sourcecode.swift; path = LFManager.swift; sourceTree = "<group>"; };
		2D44EFD126B5C66100E4A1FE /* Common.swift */ = {isa = PBXFileReference; lastKnownFileType = sourcecode.swift; path = Common.swift; sourceTree = "<group>"; };
		2D44EFD326B5C6FB00E4A1FE /* Secret.swift */ = {isa = PBXFileReference; lastKnownFileType = sourcecode.swift; path = Secret.swift; sourceTree = "<group>"; };
		2D44EFD526B5C7ED00E4A1FE /* LFModels.swift */ = {isa = PBXFileReference; lastKnownFileType = sourcecode.swift; path = LFModels.swift; sourceTree = "<group>"; };
		2D44EFD726B5CEE000E4A1FE /* DCModels.swift */ = {isa = PBXFileReference; lastKnownFileType = sourcecode.swift; path = DCModels.swift; sourceTree = "<group>"; };
		2D4E2DEF273C6F0E00662540 /* RealmListView.swift */ = {isa = PBXFileReference; lastKnownFileType = sourcecode.swift; path = RealmListView.swift; sourceTree = "<group>"; };
		2D622C9C26CCCC73009F7D55 /* Roboto-Medium.ttf */ = {isa = PBXFileReference; lastKnownFileType = file; path = "Roboto-Medium.ttf"; sourceTree = "<group>"; };
		2D622C9D26CCCC73009F7D55 /* Roboto-Light.ttf */ = {isa = PBXFileReference; lastKnownFileType = file; path = "Roboto-Light.ttf"; sourceTree = "<group>"; };
		2D622C9E26CCCC73009F7D55 /* Roboto-Regular.ttf */ = {isa = PBXFileReference; lastKnownFileType = file; path = "Roboto-Regular.ttf"; sourceTree = "<group>"; };
		2D622C9F26CCCC73009F7D55 /* Roboto-MediumItalic.ttf */ = {isa = PBXFileReference; lastKnownFileType = file; path = "Roboto-MediumItalic.ttf"; sourceTree = "<group>"; };
		2D622CA026CCCC73009F7D55 /* Roboto-ThinItalic.ttf */ = {isa = PBXFileReference; lastKnownFileType = file; path = "Roboto-ThinItalic.ttf"; sourceTree = "<group>"; };
		2D622CA126CCCC73009F7D55 /* Roboto-BoldItalic.ttf */ = {isa = PBXFileReference; lastKnownFileType = file; path = "Roboto-BoldItalic.ttf"; sourceTree = "<group>"; };
		2D622CA226CCCC73009F7D55 /* Roboto-LightItalic.ttf */ = {isa = PBXFileReference; lastKnownFileType = file; path = "Roboto-LightItalic.ttf"; sourceTree = "<group>"; };
		2D622CA326CCCC73009F7D55 /* Roboto-Italic.ttf */ = {isa = PBXFileReference; lastKnownFileType = file; path = "Roboto-Italic.ttf"; sourceTree = "<group>"; };
		2D622CA426CCCC73009F7D55 /* LICENSE.txt */ = {isa = PBXFileReference; fileEncoding = 4; lastKnownFileType = text; path = LICENSE.txt; sourceTree = "<group>"; };
		2D622CA526CCCC73009F7D55 /* Roboto-BlackItalic.ttf */ = {isa = PBXFileReference; lastKnownFileType = file; path = "Roboto-BlackItalic.ttf"; sourceTree = "<group>"; };
		2D622CA626CCCC73009F7D55 /* Roboto-Bold.ttf */ = {isa = PBXFileReference; lastKnownFileType = file; path = "Roboto-Bold.ttf"; sourceTree = "<group>"; };
		2D622CA726CCCC73009F7D55 /* Roboto-Thin.ttf */ = {isa = PBXFileReference; lastKnownFileType = file; path = "Roboto-Thin.ttf"; sourceTree = "<group>"; };
		2D622CA826CCCC73009F7D55 /* Roboto-Black.ttf */ = {isa = PBXFileReference; lastKnownFileType = file; path = "Roboto-Black.ttf"; sourceTree = "<group>"; };
		2D622CB626CCCC90009F7D55 /* Fonts.swift */ = {isa = PBXFileReference; fileEncoding = 4; lastKnownFileType = sourcecode.swift; path = Fonts.swift; sourceTree = "<group>"; };
		2D6EE05C26E7EAF300F98B43 /* ReadMe.md */ = {isa = PBXFileReference; lastKnownFileType = net.daringfireball.markdown; path = ReadMe.md; sourceTree = "<group>"; };
		2D6EE06226E9413500F98B43 /* KeychainManager.swift */ = {isa = PBXFileReference; lastKnownFileType = sourcecode.swift; path = KeychainManager.swift; sourceTree = "<group>"; };
		2D6EE06426E945EA00F98B43 /* LoginViewModel.swift */ = {isa = PBXFileReference; lastKnownFileType = sourcecode.swift; path = LoginViewModel.swift; sourceTree = "<group>"; };
		2DA3BB2426BF04BC00AEAB48 /* RefreshControlView.swift */ = {isa = PBXFileReference; lastKnownFileType = sourcecode.swift; path = RefreshControlView.swift; sourceTree = "<group>"; };
		2DCC292826BB451A0062B56F /* ReleaseViewModel.swift */ = {isa = PBXFileReference; lastKnownFileType = sourcecode.swift; path = ReleaseViewModel.swift; sourceTree = "<group>"; };
		2DCC292A26BB46D40062B56F /* ReleaseListView.swift */ = {isa = PBXFileReference; lastKnownFileType = sourcecode.swift; path = ReleaseListView.swift; sourceTree = "<group>"; };
		2DCC292D26BC42040062B56F /* RemoteImage.swift */ = {isa = PBXFileReference; lastKnownFileType = sourcecode.swift; path = RemoteImage.swift; sourceTree = "<group>"; };
		2DD2F7D426BDB699006D8F40 /* FilterView.swift */ = {isa = PBXFileReference; lastKnownFileType = sourcecode.swift; path = FilterView.swift; sourceTree = "<group>"; };
		2DD2F7D626BDB6F2006D8F40 /* SmartSearchMatcher.swift */ = {isa = PBXFileReference; fileEncoding = 4; lastKnownFileType = sourcecode.swift; path = SmartSearchMatcher.swift; sourceTree = "<group>"; };
		2DD46A7926C09A4E00FF53D5 /* FilterController.swift */ = {isa = PBXFileReference; lastKnownFileType = sourcecode.swift; path = FilterController.swift; sourceTree = "<group>"; };
/* End PBXFileReference section */

/* Begin PBXFrameworksBuildPhase section */
		2D44EFA026B4CD3800E4A1FE /* Frameworks */ = {
			isa = PBXFrameworksBuildPhase;
			buildActionMask = 2147483647;
			files = (
				2D66A30D273DD86C00473FAA /* RealmSwift in Frameworks */,
				2D66A30B273DD86C00473FAA /* Realm in Frameworks */,
				2DCAF99B272871B900649636 /* OAuthSwift in Frameworks */,
			);
			runOnlyForDeploymentPostprocessing = 0;
		};
/* End PBXFrameworksBuildPhase section */

/* Begin PBXGroup section */
		2D44EF9A26B4CD3700E4A1FE = {
			isa = PBXGroup;
			children = (
				2D6EE05C26E7EAF300F98B43 /* ReadMe.md */,
				2D44EFA526B4CD3800E4A1FE /* DSSwiftUI */,
				2D44EFA426B4CD3800E4A1FE /* Products */,
			);
			sourceTree = "<group>";
		};
		2D44EFA426B4CD3800E4A1FE /* Products */ = {
			isa = PBXGroup;
			children = (
				2D44EFA326B4CD3800E4A1FE /* DSSwiftUI.app */,
			);
			name = Products;
			sourceTree = "<group>";
		};
		2D44EFA526B4CD3800E4A1FE /* DSSwiftUI */ = {
			isa = PBXGroup;
			children = (
				2D44EFA626B4CD3800E4A1FE /* DSSwiftUIApp.swift */,
				2D4E2DEF273C6F0E00662540 /* RealmListView.swift */,
				2D44EFD026B5C4DB00E4A1FE /* ViewModels */,
				2D44EFC926B5C22F00E4A1FE /* Views */,
				2D44EFC826B5C22200E4A1FE /* Utility */,
				2D44EFC726B5C20E00E4A1FE /* API */,
				2D622C9B26CCCC73009F7D55 /* Fonts */,
				2D44EFAA26B4CD3A00E4A1FE /* Assets.xcassets */,
				2D44EFB426B4CD3A00E4A1FE /* Info.plist */,
				2D44EFAC26B4CD3A00E4A1FE /* Preview Content */,
			);
			path = DSSwiftUI;
			sourceTree = "<group>";
		};
		2D44EFAC26B4CD3A00E4A1FE /* Preview Content */ = {
			isa = PBXGroup;
			children = (
				2D44EFAD26B4CD3A00E4A1FE /* Preview Assets.xcassets */,
			);
			path = "Preview Content";
			sourceTree = "<group>";
		};
		2D44EFC726B5C20E00E4A1FE /* API */ = {
			isa = PBXGroup;
			children = (
				2D44EFD326B5C6FB00E4A1FE /* Secret.swift */,
				2D44EFCE26B5C4A700E4A1FE /* Discogs */,
				2D44EFCF26B5C4AF00E4A1FE /* LastFm */,
			);
			path = API;
			sourceTree = "<group>";
		};
		2D44EFC826B5C22200E4A1FE /* Utility */ = {
			isa = PBXGroup;
			children = (
				2DD2F7D626BDB6F2006D8F40 /* SmartSearchMatcher.swift */,
				2D44EFBE26B4D87D00E4A1FE /* UserAgentString.swift */,
				2D44EFD126B5C66100E4A1FE /* Common.swift */,
				2D6EE06226E9413500F98B43 /* KeychainManager.swift */,
				2DA3BB2326BF04AC00AEAB48 /* SwiftUI */,
			);
			path = Utility;
			sourceTree = "<group>";
		};
		2D44EFC926B5C22F00E4A1FE /* Views */ = {
			isa = PBXGroup;
			children = (
				2D44EFC326B5A36B00E4A1FE /* MainView.swift */,
				2DCC292C26BC34340062B56F /* Releases */,
				2D44EFBA26B4CD8000E4A1FE /* LoginView.swift */,
				2D44EFC526B5A5DB00E4A1FE /* MenuView.swift */,
			);
			path = Views;
			sourceTree = "<group>";
		};
		2D44EFCE26B5C4A700E4A1FE /* Discogs */ = {
			isa = PBXGroup;
			children = (
				2D44EFBC26B4D2F600E4A1FE /* DCManager.swift */,
				2D44EFD726B5CEE000E4A1FE /* DCModels.swift */,
			);
			path = Discogs;
			sourceTree = "<group>";
		};
		2D44EFCF26B5C4AF00E4A1FE /* LastFm */ = {
			isa = PBXGroup;
			children = (
				2D44EFCC26B5C4A400E4A1FE /* LFManager.swift */,
				2D44EFD526B5C7ED00E4A1FE /* LFModels.swift */,
			);
			path = LastFm;
			sourceTree = "<group>";
		};
		2D44EFD026B5C4DB00E4A1FE /* ViewModels */ = {
			isa = PBXGroup;
			children = (
				2DCC292826BB451A0062B56F /* ReleaseViewModel.swift */,
				2D6EE06426E945EA00F98B43 /* LoginViewModel.swift */,
				2DD46A7926C09A4E00FF53D5 /* FilterController.swift */,
				2D39D3AF26E2773F00C312A9 /* ReleaseCollectionViewModel.swift */,
			);
			path = ViewModels;
			sourceTree = "<group>";
		};
		2D622C9B26CCCC73009F7D55 /* Fonts */ = {
			isa = PBXGroup;
			children = (
				2D622CB626CCCC90009F7D55 /* Fonts.swift */,
				2D622C9C26CCCC73009F7D55 /* Roboto-Medium.ttf */,
				2D622C9D26CCCC73009F7D55 /* Roboto-Light.ttf */,
				2D622C9E26CCCC73009F7D55 /* Roboto-Regular.ttf */,
				2D622C9F26CCCC73009F7D55 /* Roboto-MediumItalic.ttf */,
				2D622CA026CCCC73009F7D55 /* Roboto-ThinItalic.ttf */,
				2D622CA126CCCC73009F7D55 /* Roboto-BoldItalic.ttf */,
				2D622CA226CCCC73009F7D55 /* Roboto-LightItalic.ttf */,
				2D622CA326CCCC73009F7D55 /* Roboto-Italic.ttf */,
				2D622CA426CCCC73009F7D55 /* LICENSE.txt */,
				2D622CA526CCCC73009F7D55 /* Roboto-BlackItalic.ttf */,
				2D622CA626CCCC73009F7D55 /* Roboto-Bold.ttf */,
				2D622CA726CCCC73009F7D55 /* Roboto-Thin.ttf */,
				2D622CA826CCCC73009F7D55 /* Roboto-Black.ttf */,
			);
			path = Fonts;
			sourceTree = "<group>";
		};
		2DA3BB2326BF04AC00AEAB48 /* SwiftUI */ = {
			isa = PBXGroup;
			children = (
				2DCC292D26BC42040062B56F /* RemoteImage.swift */,
				2D44EFCA26B5C28200E4A1FE /* ViewExtensions.swift */,
				2DA3BB2426BF04BC00AEAB48 /* RefreshControlView.swift */,
			);
			path = SwiftUI;
			sourceTree = "<group>";
		};
		2DCC292C26BC34340062B56F /* Releases */ = {
			isa = PBXGroup;
			children = (
				2DCC292A26BB46D40062B56F /* ReleaseListView.swift */,
				2D39D3B126E2911900C312A9 /* ReleaseDetailView.swift */,
				2DD2F7D426BDB699006D8F40 /* FilterView.swift */,
			);
			path = Releases;
			sourceTree = "<group>";
		};
/* End PBXGroup section */

/* Begin PBXNativeTarget section */
		2D44EFA226B4CD3800E4A1FE /* DSSwiftUI */ = {
			isa = PBXNativeTarget;
			buildConfigurationList = 2D44EFB726B4CD3A00E4A1FE /* Build configuration list for PBXNativeTarget "DSSwiftUI" */;
			buildPhases = (
				2D44EF9F26B4CD3800E4A1FE /* Sources */,
				2D44EFA026B4CD3800E4A1FE /* Frameworks */,
				2D44EFA126B4CD3800E4A1FE /* Resources */,
			);
			buildRules = (
			);
			dependencies = (
			);
			name = DSSwiftUI;
			packageProductDependencies = (
				2DCAF99A272871B900649636 /* OAuthSwift */,
				2D66A30A273DD86C00473FAA /* Realm */,
				2D66A30C273DD86C00473FAA /* RealmSwift */,
			);
			productName = DSSwiftUI;
			productReference = 2D44EFA326B4CD3800E4A1FE /* DSSwiftUI.app */;
			productType = "com.apple.product-type.application";
		};
/* End PBXNativeTarget section */

/* Begin PBXProject section */
		2D44EF9B26B4CD3700E4A1FE /* Project object */ = {
			isa = PBXProject;
			attributes = {
				LastSwiftUpdateCheck = 1250;
				LastUpgradeCheck = 1250;
				TargetAttributes = {
					2D44EFA226B4CD3800E4A1FE = {
						CreatedOnToolsVersion = 12.5.1;
					};
				};
			};
			buildConfigurationList = 2D44EF9E26B4CD3700E4A1FE /* Build configuration list for PBXProject "DSSwiftUI" */;
			compatibilityVersion = "Xcode 9.3";
			developmentRegion = en;
			hasScannedForEncodings = 0;
			knownRegions = (
				en,
				Base,
			);
			mainGroup = 2D44EF9A26B4CD3700E4A1FE;
			packageReferences = (
				2DCAF999272871B900649636 /* XCRemoteSwiftPackageReference "OAuthSwift" */,
				2D66A309273DD86C00473FAA /* XCRemoteSwiftPackageReference "realm-cocoa" */,
			);
			productRefGroup = 2D44EFA426B4CD3800E4A1FE /* Products */;
			projectDirPath = "";
			projectRoot = "";
			targets = (
				2D44EFA226B4CD3800E4A1FE /* DSSwiftUI */,
			);
		};
/* End PBXProject section */

/* Begin PBXResourcesBuildPhase section */
		2D44EFA126B4CD3800E4A1FE /* Resources */ = {
			isa = PBXResourcesBuildPhase;
			buildActionMask = 2147483647;
			files = (
				2D622CB426CCCC73009F7D55 /* Roboto-Thin.ttf in Resources */,
				2D622CB126CCCC73009F7D55 /* LICENSE.txt in Resources */,
				2D622CB526CCCC73009F7D55 /* Roboto-Black.ttf in Resources */,
				2D622CB326CCCC73009F7D55 /* Roboto-Bold.ttf in Resources */,
				2D44EFAE26B4CD3A00E4A1FE /* Preview Assets.xcassets in Resources */,
				2D44EFAB26B4CD3A00E4A1FE /* Assets.xcassets in Resources */,
				2D6EE05D26E7EAF300F98B43 /* ReadMe.md in Resources */,
				2D622CAE26CCCC73009F7D55 /* Roboto-BoldItalic.ttf in Resources */,
				2D622CAB26CCCC73009F7D55 /* Roboto-Regular.ttf in Resources */,
				2D622CAD26CCCC73009F7D55 /* Roboto-ThinItalic.ttf in Resources */,
				2D622CAF26CCCC73009F7D55 /* Roboto-LightItalic.ttf in Resources */,
				2D622CB226CCCC73009F7D55 /* Roboto-BlackItalic.ttf in Resources */,
				2D622CAA26CCCC73009F7D55 /* Roboto-Light.ttf in Resources */,
				2D622CB026CCCC73009F7D55 /* Roboto-Italic.ttf in Resources */,
				2D622CAC26CCCC73009F7D55 /* Roboto-MediumItalic.ttf in Resources */,
				2D622CA926CCCC73009F7D55 /* Roboto-Medium.ttf in Resources */,
			);
			runOnlyForDeploymentPostprocessing = 0;
		};
/* End PBXResourcesBuildPhase section */

/* Begin PBXSourcesBuildPhase section */
		2D44EF9F26B4CD3800E4A1FE /* Sources */ = {
			isa = PBXSourcesBuildPhase;
			buildActionMask = 2147483647;
			files = (
				2D39D3B026E2773F00C312A9 /* ReleaseCollectionViewModel.swift in Sources */,
				2DD2F7D526BDB699006D8F40 /* FilterView.swift in Sources */,
				2D622CB726CCCC90009F7D55 /* Fonts.swift in Sources */,
				2DCC292B26BB46D40062B56F /* ReleaseListView.swift in Sources */,
				2DD2F7D726BDB6F2006D8F40 /* SmartSearchMatcher.swift in Sources */,
				2DCC292926BB451A0062B56F /* ReleaseViewModel.swift in Sources */,
				2D44EFC426B5A36B00E4A1FE /* MainView.swift in Sources */,
				2D4E2DF0273C6F0E00662540 /* RealmListView.swift in Sources */,
				2DCC292E26BC42040062B56F /* RemoteImage.swift in Sources */,
				2D44EFD226B5C66100E4A1FE /* Common.swift in Sources */,
				2D6EE06326E9413500F98B43 /* KeychainManager.swift in Sources */,
				2D44EFD626B5C7ED00E4A1FE /* LFModels.swift in Sources */,
				2D44EFC626B5A5DB00E4A1FE /* MenuView.swift in Sources */,
				2D44EFBB26B4CD8000E4A1FE /* LoginView.swift in Sources */,
				2D44EFBD26B4D2F600E4A1FE /* DCManager.swift in Sources */,
				2D39D3B226E2911900C312A9 /* ReleaseDetailView.swift in Sources */,
				2D6EE06526E945EA00F98B43 /* LoginViewModel.swift in Sources */,
				2DD46A7A26C09A4E00FF53D5 /* FilterController.swift in Sources */,
				2D44EFA726B4CD3800E4A1FE /* DSSwiftUIApp.swift in Sources */,
				2DA3BB2526BF04BC00AEAB48 /* RefreshControlView.swift in Sources */,
				2D44EFD826B5CEE000E4A1FE /* DCModels.swift in Sources */,
				2D44EFD426B5C6FB00E4A1FE /* Secret.swift in Sources */,
				2D44EFCB26B5C28200E4A1FE /* ViewExtensions.swift in Sources */,
				2D44EFCD26B5C4A400E4A1FE /* LFManager.swift in Sources */,
				2D44EFBF26B4D87D00E4A1FE /* UserAgentString.swift in Sources */,
			);
			runOnlyForDeploymentPostprocessing = 0;
		};
/* End PBXSourcesBuildPhase section */

/* Begin XCBuildConfiguration section */
		2D44EFB526B4CD3A00E4A1FE /* Debug */ = {
			isa = XCBuildConfiguration;
			buildSettings = {
				ALWAYS_SEARCH_USER_PATHS = NO;
				CLANG_ANALYZER_NONNULL = YES;
				CLANG_ANALYZER_NUMBER_OBJECT_CONVERSION = YES_AGGRESSIVE;
				CLANG_CXX_LANGUAGE_STANDARD = "gnu++14";
				CLANG_CXX_LIBRARY = "libc++";
				CLANG_ENABLE_MODULES = YES;
				CLANG_ENABLE_OBJC_ARC = YES;
				CLANG_ENABLE_OBJC_WEAK = YES;
				CLANG_WARN_BLOCK_CAPTURE_AUTORELEASING = YES;
				CLANG_WARN_BOOL_CONVERSION = YES;
				CLANG_WARN_COMMA = YES;
				CLANG_WARN_CONSTANT_CONVERSION = YES;
				CLANG_WARN_DEPRECATED_OBJC_IMPLEMENTATIONS = YES;
				CLANG_WARN_DIRECT_OBJC_ISA_USAGE = YES_ERROR;
				CLANG_WARN_DOCUMENTATION_COMMENTS = YES;
				CLANG_WARN_EMPTY_BODY = YES;
				CLANG_WARN_ENUM_CONVERSION = YES;
				CLANG_WARN_INFINITE_RECURSION = YES;
				CLANG_WARN_INT_CONVERSION = YES;
				CLANG_WARN_NON_LITERAL_NULL_CONVERSION = YES;
				CLANG_WARN_OBJC_IMPLICIT_RETAIN_SELF = YES;
				CLANG_WARN_OBJC_LITERAL_CONVERSION = YES;
				CLANG_WARN_OBJC_ROOT_CLASS = YES_ERROR;
				CLANG_WARN_QUOTED_INCLUDE_IN_FRAMEWORK_HEADER = YES;
				CLANG_WARN_RANGE_LOOP_ANALYSIS = YES;
				CLANG_WARN_STRICT_PROTOTYPES = YES;
				CLANG_WARN_SUSPICIOUS_MOVE = YES;
				CLANG_WARN_UNGUARDED_AVAILABILITY = YES_AGGRESSIVE;
				CLANG_WARN_UNREACHABLE_CODE = YES;
				CLANG_WARN__DUPLICATE_METHOD_MATCH = YES;
				COPY_PHASE_STRIP = NO;
				DEBUG_INFORMATION_FORMAT = dwarf;
				ENABLE_STRICT_OBJC_MSGSEND = YES;
				ENABLE_TESTABILITY = YES;
				GCC_C_LANGUAGE_STANDARD = gnu11;
				GCC_DYNAMIC_NO_PIC = NO;
				GCC_NO_COMMON_BLOCKS = YES;
				GCC_OPTIMIZATION_LEVEL = 0;
				GCC_PREPROCESSOR_DEFINITIONS = (
					"DEBUG=1",
					"$(inherited)",
				);
				GCC_WARN_64_TO_32_BIT_CONVERSION = YES;
				GCC_WARN_ABOUT_RETURN_TYPE = YES_ERROR;
				GCC_WARN_UNDECLARED_SELECTOR = YES;
				GCC_WARN_UNINITIALIZED_AUTOS = YES_AGGRESSIVE;
				GCC_WARN_UNUSED_FUNCTION = YES;
				GCC_WARN_UNUSED_VARIABLE = YES;
				IPHONEOS_DEPLOYMENT_TARGET = 15.0;
				MTL_ENABLE_DEBUG_INFO = INCLUDE_SOURCE;
				MTL_FAST_MATH = YES;
				ONLY_ACTIVE_ARCH = YES;
				SDKROOT = iphoneos;
				SWIFT_ACTIVE_COMPILATION_CONDITIONS = DEBUG;
				SWIFT_OPTIMIZATION_LEVEL = "-Onone";
			};
			name = Debug;
		};
		2D44EFB626B4CD3A00E4A1FE /* Release */ = {
			isa = XCBuildConfiguration;
			buildSettings = {
				ALWAYS_SEARCH_USER_PATHS = NO;
				CLANG_ANALYZER_NONNULL = YES;
				CLANG_ANALYZER_NUMBER_OBJECT_CONVERSION = YES_AGGRESSIVE;
				CLANG_CXX_LANGUAGE_STANDARD = "gnu++14";
				CLANG_CXX_LIBRARY = "libc++";
				CLANG_ENABLE_MODULES = YES;
				CLANG_ENABLE_OBJC_ARC = YES;
				CLANG_ENABLE_OBJC_WEAK = YES;
				CLANG_WARN_BLOCK_CAPTURE_AUTORELEASING = YES;
				CLANG_WARN_BOOL_CONVERSION = YES;
				CLANG_WARN_COMMA = YES;
				CLANG_WARN_CONSTANT_CONVERSION = YES;
				CLANG_WARN_DEPRECATED_OBJC_IMPLEMENTATIONS = YES;
				CLANG_WARN_DIRECT_OBJC_ISA_USAGE = YES_ERROR;
				CLANG_WARN_DOCUMENTATION_COMMENTS = YES;
				CLANG_WARN_EMPTY_BODY = YES;
				CLANG_WARN_ENUM_CONVERSION = YES;
				CLANG_WARN_INFINITE_RECURSION = YES;
				CLANG_WARN_INT_CONVERSION = YES;
				CLANG_WARN_NON_LITERAL_NULL_CONVERSION = YES;
				CLANG_WARN_OBJC_IMPLICIT_RETAIN_SELF = YES;
				CLANG_WARN_OBJC_LITERAL_CONVERSION = YES;
				CLANG_WARN_OBJC_ROOT_CLASS = YES_ERROR;
				CLANG_WARN_QUOTED_INCLUDE_IN_FRAMEWORK_HEADER = YES;
				CLANG_WARN_RANGE_LOOP_ANALYSIS = YES;
				CLANG_WARN_STRICT_PROTOTYPES = YES;
				CLANG_WARN_SUSPICIOUS_MOVE = YES;
				CLANG_WARN_UNGUARDED_AVAILABILITY = YES_AGGRESSIVE;
				CLANG_WARN_UNREACHABLE_CODE = YES;
				CLANG_WARN__DUPLICATE_METHOD_MATCH = YES;
				COPY_PHASE_STRIP = NO;
				DEBUG_INFORMATION_FORMAT = "dwarf-with-dsym";
				ENABLE_NS_ASSERTIONS = NO;
				ENABLE_STRICT_OBJC_MSGSEND = YES;
				GCC_C_LANGUAGE_STANDARD = gnu11;
				GCC_NO_COMMON_BLOCKS = YES;
				GCC_WARN_64_TO_32_BIT_CONVERSION = YES;
				GCC_WARN_ABOUT_RETURN_TYPE = YES_ERROR;
				GCC_WARN_UNDECLARED_SELECTOR = YES;
				GCC_WARN_UNINITIALIZED_AUTOS = YES_AGGRESSIVE;
				GCC_WARN_UNUSED_FUNCTION = YES;
				GCC_WARN_UNUSED_VARIABLE = YES;
				IPHONEOS_DEPLOYMENT_TARGET = 15.0;
				MTL_ENABLE_DEBUG_INFO = NO;
				MTL_FAST_MATH = YES;
				SDKROOT = iphoneos;
				SWIFT_COMPILATION_MODE = wholemodule;
				SWIFT_OPTIMIZATION_LEVEL = "-O";
				VALIDATE_PRODUCT = YES;
			};
			name = Release;
		};
		2D44EFB826B4CD3A00E4A1FE /* Debug */ = {
			isa = XCBuildConfiguration;
			buildSettings = {
				ASSETCATALOG_COMPILER_APPICON_NAME = AppIcon;
				ASSETCATALOG_COMPILER_GLOBAL_ACCENT_COLOR_NAME = AccentColor;
				CODE_SIGN_STYLE = Automatic;
				DEVELOPMENT_ASSET_PATHS = "\"DSSwiftUI/Preview Content\"";
				DEVELOPMENT_TEAM = Z7TD764G3G;
				ENABLE_PREVIEWS = YES;
				INFOPLIST_FILE = DSSwiftUI/Info.plist;
				IPHONEOS_DEPLOYMENT_TARGET = 14.0;
				LD_RUNPATH_SEARCH_PATHS = (
					"$(inherited)",
					"@executable_path/Frameworks",
				);
				PRODUCT_BUNDLE_IDENTIFIER = me.gannon.matt.DSSwiftUI;
				PRODUCT_NAME = "$(TARGET_NAME)";
				SWIFT_VERSION = 5.0;
				TARGETED_DEVICE_FAMILY = "1,2";
			};
			name = Debug;
		};
		2D44EFB926B4CD3A00E4A1FE /* Release */ = {
			isa = XCBuildConfiguration;
			buildSettings = {
				ASSETCATALOG_COMPILER_APPICON_NAME = AppIcon;
				ASSETCATALOG_COMPILER_GLOBAL_ACCENT_COLOR_NAME = AccentColor;
				CODE_SIGN_STYLE = Automatic;
				DEVELOPMENT_ASSET_PATHS = "\"DSSwiftUI/Preview Content\"";
				DEVELOPMENT_TEAM = Z7TD764G3G;
				ENABLE_PREVIEWS = YES;
				INFOPLIST_FILE = DSSwiftUI/Info.plist;
				IPHONEOS_DEPLOYMENT_TARGET = 14.0;
				LD_RUNPATH_SEARCH_PATHS = (
					"$(inherited)",
					"@executable_path/Frameworks",
				);
				PRODUCT_BUNDLE_IDENTIFIER = me.gannon.matt.DSSwiftUI;
				PRODUCT_NAME = "$(TARGET_NAME)";
				SWIFT_VERSION = 5.0;
				TARGETED_DEVICE_FAMILY = "1,2";
			};
			name = Release;
		};
/* End XCBuildConfiguration section */

/* Begin XCConfigurationList section */
		2D44EF9E26B4CD3700E4A1FE /* Build configuration list for PBXProject "DSSwiftUI" */ = {
			isa = XCConfigurationList;
			buildConfigurations = (
				2D44EFB526B4CD3A00E4A1FE /* Debug */,
				2D44EFB626B4CD3A00E4A1FE /* Release */,
			);
			defaultConfigurationIsVisible = 0;
			defaultConfigurationName = Release;
		};
		2D44EFB726B4CD3A00E4A1FE /* Build configuration list for PBXNativeTarget "DSSwiftUI" */ = {
			isa = XCConfigurationList;
			buildConfigurations = (
				2D44EFB826B4CD3A00E4A1FE /* Debug */,
				2D44EFB926B4CD3A00E4A1FE /* Release */,
			);
			defaultConfigurationIsVisible = 0;
			defaultConfigurationName = Release;
		};
/* End XCConfigurationList section */

/* Begin XCRemoteSwiftPackageReference section */
		2D66A309273DD86C00473FAA /* XCRemoteSwiftPackageReference "realm-cocoa" */ = {
			isa = XCRemoteSwiftPackageReference;
			repositoryURL = "https://github.com/realm/realm-cocoa.git";
			requirement = {
				kind = upToNextMajorVersion;
				minimumVersion = 10.19.0;
			};
		};
		2DCAF999272871B900649636 /* XCRemoteSwiftPackageReference "OAuthSwift" */ = {
			isa = XCRemoteSwiftPackageReference;
			repositoryURL = "https://github.com/OAuthSwift/OAuthSwift";
			requirement = {
				kind = upToNextMajorVersion;
				minimumVersion = 2.2.0;
			};
		};
/* End XCRemoteSwiftPackageReference section */

/* Begin XCSwiftPackageProductDependency section */
		2D66A30A273DD86C00473FAA /* Realm */ = {
			isa = XCSwiftPackageProductDependency;
			package = 2D66A309273DD86C00473FAA /* XCRemoteSwiftPackageReference "realm-cocoa" */;
			productName = Realm;
		};
		2D66A30C273DD86C00473FAA /* RealmSwift */ = {
			isa = XCSwiftPackageProductDependency;
			package = 2D66A309273DD86C00473FAA /* XCRemoteSwiftPackageReference "realm-cocoa" */;
			productName = RealmSwift;
		};
		2DCAF99A272871B900649636 /* OAuthSwift */ = {
			isa = XCSwiftPackageProductDependency;
			package = 2DCAF999272871B900649636 /* XCRemoteSwiftPackageReference "OAuthSwift" */;
			productName = OAuthSwift;
		};
/* End XCSwiftPackageProductDependency section */
	};
	rootObject = 2D44EF9B26B4CD3700E4A1FE /* Project object */;
}
