// !$*UTF8*$!
{
	archiveVersion = 1;
	classes = {
	};
	objectVersion = 52;
	objects = {

/* Begin PBXBuildFile section */
		2D3B37AA27629E8E0053CADF /* RealmListViewModel.swift in Sources */ = {isa = PBXBuildFile; fileRef = 2D3B37A927629E8E0053CADF /* RealmListViewModel.swift */; };
		2D3B37AC2765AC760053CADF /* LastFmLoginView.swift in Sources */ = {isa = PBXBuildFile; fileRef = 2D3B37AB2765AC760053CADF /* LastFmLoginView.swift */; };
		2D44EFA726B4CD3800E4A1FE /* DSSwiftUIApp.swift in Sources */ = {isa = PBXBuildFile; fileRef = 2D44EFA626B4CD3800E4A1FE /* DSSwiftUIApp.swift */; };
		2D44EFAB26B4CD3A00E4A1FE /* Assets.xcassets in Resources */ = {isa = PBXBuildFile; fileRef = 2D44EFAA26B4CD3A00E4A1FE /* Assets.xcassets */; };
		2D44EFAE26B4CD3A00E4A1FE /* Preview Assets.xcassets in Resources */ = {isa = PBXBuildFile; fileRef = 2D44EFAD26B4CD3A00E4A1FE /* Preview Assets.xcassets */; };
		2D44EFBD26B4D2F600E4A1FE /* DCManager.swift in Sources */ = {isa = PBXBuildFile; fileRef = 2D44EFBC26B4D2F600E4A1FE /* DCManager.swift */; };
		2D44EFBF26B4D87D00E4A1FE /* UserAgentString.swift in Sources */ = {isa = PBXBuildFile; fileRef = 2D44EFBE26B4D87D00E4A1FE /* UserAgentString.swift */; };
		2D44EFCB26B5C28200E4A1FE /* ViewExtensions.swift in Sources */ = {isa = PBXBuildFile; fileRef = 2D44EFCA26B5C28200E4A1FE /* ViewExtensions.swift */; };
		2D44EFCD26B5C4A400E4A1FE /* LFManager.swift in Sources */ = {isa = PBXBuildFile; fileRef = 2D44EFCC26B5C4A400E4A1FE /* LFManager.swift */; };
		2D44EFD226B5C66100E4A1FE /* Common.swift in Sources */ = {isa = PBXBuildFile; fileRef = 2D44EFD126B5C66100E4A1FE /* Common.swift */; };
		2D44EFD626B5C7ED00E4A1FE /* LFModels.swift in Sources */ = {isa = PBXBuildFile; fileRef = 2D44EFD526B5C7ED00E4A1FE /* LFModels.swift */; };
		2D44EFD826B5CEE000E4A1FE /* DCModels.swift in Sources */ = {isa = PBXBuildFile; fileRef = 2D44EFD726B5CEE000E4A1FE /* DCModels.swift */; };
		2D66A30B273DD86C00473FAA /* Realm in Frameworks */ = {isa = PBXBuildFile; productRef = 2D66A30A273DD86C00473FAA /* Realm */; };
		2D66A30D273DD86C00473FAA /* RealmSwift in Frameworks */ = {isa = PBXBuildFile; productRef = 2D66A30C273DD86C00473FAA /* RealmSwift */; };
		2D6EE05D26E7EAF300F98B43 /* ReadMe.md in Resources */ = {isa = PBXBuildFile; fileRef = 2D6EE05C26E7EAF300F98B43 /* ReadMe.md */; };
		2D6EE06326E9413500F98B43 /* KeychainManager.swift in Sources */ = {isa = PBXBuildFile; fileRef = 2D6EE06226E9413500F98B43 /* KeychainManager.swift */; };
		2D8922CA274C3DC30013C9F4 /* AppMainView.swift in Sources */ = {isa = PBXBuildFile; fileRef = 2D8922C9274C3DC30013C9F4 /* AppMainView.swift */; };
		2D8922CC274C4CD20013C9F4 /* AppViewModelTests.swift in Sources */ = {isa = PBXBuildFile; fileRef = 2D8922CB274C4CD20013C9F4 /* AppViewModelTests.swift */; };
		2DA3BB2526BF04BC00AEAB48 /* RefreshControlView.swift in Sources */ = {isa = PBXBuildFile; fileRef = 2DA3BB2426BF04BC00AEAB48 /* RefreshControlView.swift */; };
		2DC892D4274ACD4400010F6C /* KeychainManagerTests.swift in Sources */ = {isa = PBXBuildFile; fileRef = 2DC892D3274ACD4400010F6C /* KeychainManagerTests.swift */; };
		2DCAF99B272871B900649636 /* OAuthSwift in Frameworks */ = {isa = PBXBuildFile; productRef = 2DCAF99A272871B900649636 /* OAuthSwift */; };
		2DCC292E26BC42040062B56F /* RemoteImage.swift in Sources */ = {isa = PBXBuildFile; fileRef = 2DCC292D26BC42040062B56F /* RemoteImage.swift */; };
		2DD2F7D526BDB699006D8F40 /* FilterView.swift in Sources */ = {isa = PBXBuildFile; fileRef = 2DD2F7D426BDB699006D8F40 /* FilterView.swift */; };
		2DD2F7D726BDB6F2006D8F40 /* SmartSearchMatcher.swift in Sources */ = {isa = PBXBuildFile; fileRef = 2DD2F7D626BDB6F2006D8F40 /* SmartSearchMatcher.swift */; };
		C9244D70274ED13000AAFFE1 /* RealmListView.swift in Sources */ = {isa = PBXBuildFile; fileRef = C9244D6F274ED13000AAFFE1 /* RealmListView.swift */; };
		C9244D74274ED14400AAFFE1 /* Secret.swift in Sources */ = {isa = PBXBuildFile; fileRef = C9244D73274ED14400AAFFE1 /* Secret.swift */; };
		C92BB3BA274FF467001C82C5 /* RealmModels.swift in Sources */ = {isa = PBXBuildFile; fileRef = C92BB3B9274FF467001C82C5 /* RealmModels.swift */; };
		C92BB3BC274FF48C001C82C5 /* RealmManager.swift in Sources */ = {isa = PBXBuildFile; fileRef = C92BB3BB274FF48C001C82C5 /* RealmManager.swift */; };
		C92BB3BE274FF4AA001C82C5 /* RealmFilterController.swift in Sources */ = {isa = PBXBuildFile; fileRef = C92BB3BD274FF4AA001C82C5 /* RealmFilterController.swift */; };
		C92BB3C027502226001C82C5 /* Response.json in Resources */ = {isa = PBXBuildFile; fileRef = C92BB3BF27502226001C82C5 /* Response.json */; };
/* End PBXBuildFile section */

/* Begin PBXContainerItemProxy section */
		2DC892CE274ACCFA00010F6C /* PBXContainerItemProxy */ = {
			isa = PBXContainerItemProxy;
			containerPortal = 2D44EF9B26B4CD3700E4A1FE /* Project object */;
			proxyType = 1;
			remoteGlobalIDString = 2D44EFA226B4CD3800E4A1FE;
			remoteInfo = DSSwiftUI;
		};
/* End PBXContainerItemProxy section */

/* Begin PBXFileReference section */
		2D3B37A927629E8E0053CADF /* RealmListViewModel.swift */ = {isa = PBXFileReference; lastKnownFileType = sourcecode.swift; path = RealmListViewModel.swift; sourceTree = "<group>"; };
		2D3B37AB2765AC760053CADF /* LastFmLoginView.swift */ = {isa = PBXFileReference; lastKnownFileType = sourcecode.swift; path = LastFmLoginView.swift; sourceTree = "<group>"; };
		2D44EFA326B4CD3800E4A1FE /* DSSwiftUI.app */ = {isa = PBXFileReference; explicitFileType = wrapper.application; includeInIndex = 0; path = DSSwiftUI.app; sourceTree = BUILT_PRODUCTS_DIR; };
		2D44EFA626B4CD3800E4A1FE /* DSSwiftUIApp.swift */ = {isa = PBXFileReference; lastKnownFileType = sourcecode.swift; path = DSSwiftUIApp.swift; sourceTree = "<group>"; };
		2D44EFAA26B4CD3A00E4A1FE /* Assets.xcassets */ = {isa = PBXFileReference; lastKnownFileType = folder.assetcatalog; path = Assets.xcassets; sourceTree = "<group>"; };
		2D44EFAD26B4CD3A00E4A1FE /* Preview Assets.xcassets */ = {isa = PBXFileReference; lastKnownFileType = folder.assetcatalog; path = "Preview Assets.xcassets"; sourceTree = "<group>"; };
		2D44EFB426B4CD3A00E4A1FE /* Info.plist */ = {isa = PBXFileReference; lastKnownFileType = text.plist.xml; path = Info.plist; sourceTree = "<group>"; };
		2D44EFBC26B4D2F600E4A1FE /* DCManager.swift */ = {isa = PBXFileReference; lastKnownFileType = sourcecode.swift; path = DCManager.swift; sourceTree = "<group>"; };
		2D44EFBE26B4D87D00E4A1FE /* UserAgentString.swift */ = {isa = PBXFileReference; lastKnownFileType = sourcecode.swift; path = UserAgentString.swift; sourceTree = "<group>"; };
		2D44EFCA26B5C28200E4A1FE /* ViewExtensions.swift */ = {isa = PBXFileReference; lastKnownFileType = sourcecode.swift; path = ViewExtensions.swift; sourceTree = "<group>"; };
		2D44EFCC26B5C4A400E4A1FE /* LFManager.swift */ = {isa = PBXFileReference; lastKnownFileType = sourcecode.swift; path = LFManager.swift; sourceTree = "<group>"; };
		2D44EFD126B5C66100E4A1FE /* Common.swift */ = {isa = PBXFileReference; lastKnownFileType = sourcecode.swift; path = Common.swift; sourceTree = "<group>"; };
		2D44EFD526B5C7ED00E4A1FE /* LFModels.swift */ = {isa = PBXFileReference; lastKnownFileType = sourcecode.swift; path = LFModels.swift; sourceTree = "<group>"; };
		2D44EFD726B5CEE000E4A1FE /* DCModels.swift */ = {isa = PBXFileReference; lastKnownFileType = sourcecode.swift; path = DCModels.swift; sourceTree = "<group>"; };
		2D6EE05C26E7EAF300F98B43 /* ReadMe.md */ = {isa = PBXFileReference; lastKnownFileType = net.daringfireball.markdown; path = ReadMe.md; sourceTree = "<group>"; };
		2D6EE06226E9413500F98B43 /* KeychainManager.swift */ = {isa = PBXFileReference; lastKnownFileType = sourcecode.swift; path = KeychainManager.swift; sourceTree = "<group>"; };
		2D8922C9274C3DC30013C9F4 /* AppMainView.swift */ = {isa = PBXFileReference; lastKnownFileType = sourcecode.swift; path = AppMainView.swift; sourceTree = "<group>"; };
		2D8922CB274C4CD20013C9F4 /* AppViewModelTests.swift */ = {isa = PBXFileReference; lastKnownFileType = sourcecode.swift; path = AppViewModelTests.swift; sourceTree = "<group>"; };
		2DA3BB2426BF04BC00AEAB48 /* RefreshControlView.swift */ = {isa = PBXFileReference; lastKnownFileType = sourcecode.swift; path = RefreshControlView.swift; sourceTree = "<group>"; };
		2DC892CA274ACCFA00010F6C /* DSSwiftUITests.xctest */ = {isa = PBXFileReference; explicitFileType = wrapper.cfbundle; includeInIndex = 0; path = DSSwiftUITests.xctest; sourceTree = BUILT_PRODUCTS_DIR; };
		2DC892D3274ACD4400010F6C /* KeychainManagerTests.swift */ = {isa = PBXFileReference; lastKnownFileType = sourcecode.swift; path = KeychainManagerTests.swift; sourceTree = "<group>"; };
		2DCC292D26BC42040062B56F /* RemoteImage.swift */ = {isa = PBXFileReference; lastKnownFileType = sourcecode.swift; path = RemoteImage.swift; sourceTree = "<group>"; };
		2DD2F7D426BDB699006D8F40 /* FilterView.swift */ = {isa = PBXFileReference; lastKnownFileType = sourcecode.swift; path = FilterView.swift; sourceTree = "<group>"; };
		2DD2F7D626BDB6F2006D8F40 /* SmartSearchMatcher.swift */ = {isa = PBXFileReference; fileEncoding = 4; lastKnownFileType = sourcecode.swift; path = SmartSearchMatcher.swift; sourceTree = "<group>"; };
		C9244D6F274ED13000AAFFE1 /* RealmListView.swift */ = {isa = PBXFileReference; fileEncoding = 4; lastKnownFileType = sourcecode.swift; path = RealmListView.swift; sourceTree = "<group>"; };
		C9244D73274ED14400AAFFE1 /* Secret.swift */ = {isa = PBXFileReference; fileEncoding = 4; lastKnownFileType = sourcecode.swift; path = Secret.swift; sourceTree = "<group>"; };
		C92BB3B9274FF467001C82C5 /* RealmModels.swift */ = {isa = PBXFileReference; lastKnownFileType = sourcecode.swift; path = RealmModels.swift; sourceTree = "<group>"; };
		C92BB3BB274FF48C001C82C5 /* RealmManager.swift */ = {isa = PBXFileReference; lastKnownFileType = sourcecode.swift; path = RealmManager.swift; sourceTree = "<group>"; };
		C92BB3BD274FF4AA001C82C5 /* RealmFilterController.swift */ = {isa = PBXFileReference; lastKnownFileType = sourcecode.swift; path = RealmFilterController.swift; sourceTree = "<group>"; };
		C92BB3BF27502226001C82C5 /* Response.json */ = {isa = PBXFileReference; lastKnownFileType = text.json; path = Response.json; sourceTree = "<group>"; };
/* End PBXFileReference section */

/* Begin PBXFrameworksBuildPhase section */
		2D44EFA026B4CD3800E4A1FE /* Frameworks */ = {
			isa = PBXFrameworksBuildPhase;
			buildActionMask = 2147483647;
			files = (
				2D66A30D273DD86C00473FAA /* RealmSwift in Frameworks */,
				2D66A30B273DD86C00473FAA /* Realm in Frameworks */,
				2DCAF99B272871B900649636 /* OAuthSwift in Frameworks */,
			);
			runOnlyForDeploymentPostprocessing = 0;
		};
		2DC892C7274ACCFA00010F6C /* Frameworks */ = {
			isa = PBXFrameworksBuildPhase;
			buildActionMask = 2147483647;
			files = (
			);
			runOnlyForDeploymentPostprocessing = 0;
		};
/* End PBXFrameworksBuildPhase section */

/* Begin PBXGroup section */
		2D44EF9A26B4CD3700E4A1FE = {
			isa = PBXGroup;
			children = (
				2D6EE05C26E7EAF300F98B43 /* ReadMe.md */,
				2D44EFA526B4CD3800E4A1FE /* DSSwiftUI */,
				2DC892CB274ACCFA00010F6C /* DSSwiftUITests */,
				2D44EFA426B4CD3800E4A1FE /* Products */,
			);
			sourceTree = "<group>";
		};
		2D44EFA426B4CD3800E4A1FE /* Products */ = {
			isa = PBXGroup;
			children = (
				2D44EFA326B4CD3800E4A1FE /* DSSwiftUI.app */,
				2DC892CA274ACCFA00010F6C /* DSSwiftUITests.xctest */,
			);
			name = Products;
			sourceTree = "<group>";
		};
		2D44EFA526B4CD3800E4A1FE /* DSSwiftUI */ = {
			isa = PBXGroup;
			children = (
				2D44EFA626B4CD3800E4A1FE /* DSSwiftUIApp.swift */,
				2D8922C9274C3DC30013C9F4 /* AppMainView.swift */,
				C92BB3B8274FF454001C82C5 /* Realm */,
				2D44EFBC26B4D2F600E4A1FE /* DCManager.swift */,
				2D6EE06226E9413500F98B43 /* KeychainManager.swift */,
				C9244D73274ED14400AAFFE1 /* Secret.swift */,
				2DD2F7D426BDB699006D8F40 /* FilterView.swift */,
				2D3B37AB2765AC760053CADF /* LastFmLoginView.swift */,
				C92BB3BF27502226001C82C5 /* Response.json */,
				2D44EFC826B5C22200E4A1FE /* Utility */,
				2D44EFC726B5C20E00E4A1FE /* API */,
				2D44EFAA26B4CD3A00E4A1FE /* Assets.xcassets */,
				2D44EFB426B4CD3A00E4A1FE /* Info.plist */,
				2D44EFAC26B4CD3A00E4A1FE /* Preview Content */,
			);
			path = DSSwiftUI;
			sourceTree = "<group>";
		};
		2D44EFAC26B4CD3A00E4A1FE /* Preview Content */ = {
			isa = PBXGroup;
			children = (
				2D44EFAD26B4CD3A00E4A1FE /* Preview Assets.xcassets */,
			);
			path = "Preview Content";
			sourceTree = "<group>";
		};
		2D44EFC726B5C20E00E4A1FE /* API */ = {
			isa = PBXGroup;
			children = (
				2D44EFCE26B5C4A700E4A1FE /* Discogs */,
				2D44EFCF26B5C4AF00E4A1FE /* LastFm */,
			);
			path = API;
			sourceTree = "<group>";
		};
		2D44EFC826B5C22200E4A1FE /* Utility */ = {
			isa = PBXGroup;
			children = (
				2DD2F7D626BDB6F2006D8F40 /* SmartSearchMatcher.swift */,
				2D44EFBE26B4D87D00E4A1FE /* UserAgentString.swift */,
				2D44EFD126B5C66100E4A1FE /* Common.swift */,
				2DA3BB2326BF04AC00AEAB48 /* SwiftUI */,
			);
			path = Utility;
			sourceTree = "<group>";
		};
		2D44EFCE26B5C4A700E4A1FE /* Discogs */ = {
			isa = PBXGroup;
			children = (
				2D44EFD726B5CEE000E4A1FE /* DCModels.swift */,
			);
			path = Discogs;
			sourceTree = "<group>";
		};
		2D44EFCF26B5C4AF00E4A1FE /* LastFm */ = {
			isa = PBXGroup;
			children = (
				2D44EFCC26B5C4A400E4A1FE /* LFManager.swift */,
				2D44EFD526B5C7ED00E4A1FE /* LFModels.swift */,
			);
			path = LastFm;
			sourceTree = "<group>";
		};
		2DA3BB2326BF04AC00AEAB48 /* SwiftUI */ = {
			isa = PBXGroup;
			children = (
				2DCC292D26BC42040062B56F /* RemoteImage.swift */,
				2D44EFCA26B5C28200E4A1FE /* ViewExtensions.swift */,
				2DA3BB2426BF04BC00AEAB48 /* RefreshControlView.swift */,
			);
			path = SwiftUI;
			sourceTree = "<group>";
		};
		2DC892CB274ACCFA00010F6C /* DSSwiftUITests */ = {
			isa = PBXGroup;
			children = (
				2DC892D3274ACD4400010F6C /* KeychainManagerTests.swift */,
				2D8922CB274C4CD20013C9F4 /* AppViewModelTests.swift */,
			);
			path = DSSwiftUITests;
			sourceTree = "<group>";
		};
		C92BB3B8274FF454001C82C5 /* Realm */ = {
			isa = PBXGroup;
			children = (
				C9244D6F274ED13000AAFFE1 /* RealmListView.swift */,
				2D3B37A927629E8E0053CADF /* RealmListViewModel.swift */,
				C92BB3B9274FF467001C82C5 /* RealmModels.swift */,
				C92BB3BB274FF48C001C82C5 /* RealmManager.swift */,
				C92BB3BD274FF4AA001C82C5 /* RealmFilterController.swift */,
			);
			path = Realm;
			sourceTree = "<group>";
		};
/* End PBXGroup section */

/* Begin PBXNativeTarget section */
		2D44EFA226B4CD3800E4A1FE /* DSSwiftUI */ = {
			isa = PBXNativeTarget;
			buildConfigurationList = 2D44EFB726B4CD3A00E4A1FE /* Build configuration list for PBXNativeTarget "DSSwiftUI" */;
			buildPhases = (
				2D44EF9F26B4CD3800E4A1FE /* Sources */,
				2D44EFA026B4CD3800E4A1FE /* Frameworks */,
				2D44EFA126B4CD3800E4A1FE /* Resources */,
			);
			buildRules = (
			);
			dependencies = (
			);
			name = DSSwiftUI;
			packageProductDependencies = (
				2DCAF99A272871B900649636 /* OAuthSwift */,
				2D66A30A273DD86C00473FAA /* Realm */,
				2D66A30C273DD86C00473FAA /* RealmSwift */,
			);
			productName = DSSwiftUI;
			productReference = 2D44EFA326B4CD3800E4A1FE /* DSSwiftUI.app */;
			productType = "com.apple.product-type.application";
		};
		2DC892C9274ACCFA00010F6C /* DSSwiftUITests */ = {
			isa = PBXNativeTarget;
			buildConfigurationList = 2DC892D2274ACCFA00010F6C /* Build configuration list for PBXNativeTarget "DSSwiftUITests" */;
			buildPhases = (
				2DC892C6274ACCFA00010F6C /* Sources */,
				2DC892C7274ACCFA00010F6C /* Frameworks */,
				2DC892C8274ACCFA00010F6C /* Resources */,
			);
			buildRules = (
			);
			dependencies = (
				2DC892CF274ACCFA00010F6C /* PBXTargetDependency */,
			);
			name = DSSwiftUITests;
			productName = DSSwiftUITests;
			productReference = 2DC892CA274ACCFA00010F6C /* DSSwiftUITests.xctest */;
			productType = "com.apple.product-type.bundle.unit-test";
		};
/* End PBXNativeTarget section */

/* Begin PBXProject section */
		2D44EF9B26B4CD3700E4A1FE /* Project object */ = {
			isa = PBXProject;
			attributes = {
				LastSwiftUpdateCheck = 1310;
				LastUpgradeCheck = 1250;
				TargetAttributes = {
					2D44EFA226B4CD3800E4A1FE = {
						CreatedOnToolsVersion = 12.5.1;
					};
					2DC892C9274ACCFA00010F6C = {
						CreatedOnToolsVersion = 13.1;
						TestTargetID = 2D44EFA226B4CD3800E4A1FE;
					};
				};
			};
			buildConfigurationList = 2D44EF9E26B4CD3700E4A1FE /* Build configuration list for PBXProject "DSSwiftUI" */;
			compatibilityVersion = "Xcode 9.3";
			developmentRegion = en;
			hasScannedForEncodings = 0;
			knownRegions = (
				en,
				Base,
			);
			mainGroup = 2D44EF9A26B4CD3700E4A1FE;
			packageReferences = (
				2DCAF999272871B900649636 /* XCRemoteSwiftPackageReference "OAuthSwift" */,
				2D66A309273DD86C00473FAA /* XCRemoteSwiftPackageReference "realm-cocoa" */,
			);
			productRefGroup = 2D44EFA426B4CD3800E4A1FE /* Products */;
			projectDirPath = "";
			projectRoot = "";
			targets = (
				2D44EFA226B4CD3800E4A1FE /* DSSwiftUI */,
				2DC892C9274ACCFA00010F6C /* DSSwiftUITests */,
			);
		};
/* End PBXProject section */

/* Begin PBXResourcesBuildPhase section */
		2D44EFA126B4CD3800E4A1FE /* Resources */ = {
			isa = PBXResourcesBuildPhase;
			buildActionMask = 2147483647;
			files = (
				C92BB3C027502226001C82C5 /* Response.json in Resources */,
				2D44EFAE26B4CD3A00E4A1FE /* Preview Assets.xcassets in Resources */,
				2D44EFAB26B4CD3A00E4A1FE /* Assets.xcassets in Resources */,
				2D6EE05D26E7EAF300F98B43 /* ReadMe.md in Resources */,
			);
			runOnlyForDeploymentPostprocessing = 0;
		};
		2DC892C8274ACCFA00010F6C /* Resources */ = {
			isa = PBXResourcesBuildPhase;
			buildActionMask = 2147483647;
			files = (
			);
			runOnlyForDeploymentPostprocessing = 0;
		};
/* End PBXResourcesBuildPhase section */

/* Begin PBXSourcesBuildPhase section */
		2D44EF9F26B4CD3800E4A1FE /* Sources */ = {
			isa = PBXSourcesBuildPhase;
			buildActionMask = 2147483647;
			files = (
				C9244D74274ED14400AAFFE1 /* Secret.swift in Sources */,
				2DD2F7D526BDB699006D8F40 /* FilterView.swift in Sources */,
				2DD2F7D726BDB6F2006D8F40 /* SmartSearchMatcher.swift in Sources */,
				C9244D70274ED13000AAFFE1 /* RealmListView.swift in Sources */,
				2D8922CA274C3DC30013C9F4 /* AppMainView.swift in Sources */,
				2DCC292E26BC42040062B56F /* RemoteImage.swift in Sources */,
				2D44EFD226B5C66100E4A1FE /* Common.swift in Sources */,
				2D3B37AC2765AC760053CADF /* LastFmLoginView.swift in Sources */,
				2D6EE06326E9413500F98B43 /* KeychainManager.swift in Sources */,
				2D3B37AA27629E8E0053CADF /* RealmListViewModel.swift in Sources */,
				2D44EFD626B5C7ED00E4A1FE /* LFModels.swift in Sources */,
				C92BB3BC274FF48C001C82C5 /* RealmManager.swift in Sources */,
				2D44EFBD26B4D2F600E4A1FE /* DCManager.swift in Sources */,
				2D44EFA726B4CD3800E4A1FE /* DSSwiftUIApp.swift in Sources */,
				C92BB3BE274FF4AA001C82C5 /* RealmFilterController.swift in Sources */,
				2DA3BB2526BF04BC00AEAB48 /* RefreshControlView.swift in Sources */,
				2D44EFD826B5CEE000E4A1FE /* DCModels.swift in Sources */,
				2D44EFCB26B5C28200E4A1FE /* ViewExtensions.swift in Sources */,
				2D44EFCD26B5C4A400E4A1FE /* LFManager.swift in Sources */,
				2D44EFBF26B4D87D00E4A1FE /* UserAgentString.swift in Sources */,
				C92BB3BA274FF467001C82C5 /* RealmModels.swift in Sources */,
			);
			runOnlyForDeploymentPostprocessing = 0;
		};
		2DC892C6274ACCFA00010F6C /* Sources */ = {
			isa = PBXSourcesBuildPhase;
			buildActionMask = 2147483647;
			files = (
				2D8922CC274C4CD20013C9F4 /* AppViewModelTests.swift in Sources */,
				2DC892D4274ACD4400010F6C /* KeychainManagerTests.swift in Sources */,
			);
			runOnlyForDeploymentPostprocessing = 0;
		};
/* End PBXSourcesBuildPhase section */

/* Begin PBXTargetDependency section */
		2DC892CF274ACCFA00010F6C /* PBXTargetDependency */ = {
			isa = PBXTargetDependency;
			target = 2D44EFA226B4CD3800E4A1FE /* DSSwiftUI */;
			targetProxy = 2DC892CE274ACCFA00010F6C /* PBXContainerItemProxy */;
		};
/* End PBXTargetDependency section */

/* Begin XCBuildConfiguration section */
		2D44EFB526B4CD3A00E4A1FE /* Debug */ = {
			isa = XCBuildConfiguration;
			buildSettings = {
				ALWAYS_SEARCH_USER_PATHS = NO;
				CLANG_ANALYZER_NONNULL = YES;
				CLANG_ANALYZER_NUMBER_OBJECT_CONVERSION = YES_AGGRESSIVE;
				CLANG_CXX_LANGUAGE_STANDARD = "gnu++14";
				CLANG_CXX_LIBRARY = "libc++";
				CLANG_ENABLE_MODULES = YES;
				CLANG_ENABLE_OBJC_ARC = YES;
				CLANG_ENABLE_OBJC_WEAK = YES;
				CLANG_WARN_BLOCK_CAPTURE_AUTORELEASING = YES;
				CLANG_WARN_BOOL_CONVERSION = YES;
				CLANG_WARN_COMMA = YES;
				CLANG_WARN_CONSTANT_CONVERSION = YES;
				CLANG_WARN_DEPRECATED_OBJC_IMPLEMENTATIONS = YES;
				CLANG_WARN_DIRECT_OBJC_ISA_USAGE = YES_ERROR;
				CLANG_WARN_DOCUMENTATION_COMMENTS = YES;
				CLANG_WARN_EMPTY_BODY = YES;
				CLANG_WARN_ENUM_CONVERSION = YES;
				CLANG_WARN_INFINITE_RECURSION = YES;
				CLANG_WARN_INT_CONVERSION = YES;
				CLANG_WARN_NON_LITERAL_NULL_CONVERSION = YES;
				CLANG_WARN_OBJC_IMPLICIT_RETAIN_SELF = YES;
				CLANG_WARN_OBJC_LITERAL_CONVERSION = YES;
				CLANG_WARN_OBJC_ROOT_CLASS = YES_ERROR;
				CLANG_WARN_QUOTED_INCLUDE_IN_FRAMEWORK_HEADER = YES;
				CLANG_WARN_RANGE_LOOP_ANALYSIS = YES;
				CLANG_WARN_STRICT_PROTOTYPES = YES;
				CLANG_WARN_SUSPICIOUS_MOVE = YES;
				CLANG_WARN_UNGUARDED_AVAILABILITY = YES_AGGRESSIVE;
				CLANG_WARN_UNREACHABLE_CODE = YES;
				CLANG_WARN__DUPLICATE_METHOD_MATCH = YES;
				COPY_PHASE_STRIP = NO;
				DEBUG_INFORMATION_FORMAT = dwarf;
				ENABLE_STRICT_OBJC_MSGSEND = YES;
				ENABLE_TESTABILITY = YES;
				GCC_C_LANGUAGE_STANDARD = gnu11;
				GCC_DYNAMIC_NO_PIC = NO;
				GCC_NO_COMMON_BLOCKS = YES;
				GCC_OPTIMIZATION_LEVEL = 0;
				GCC_PREPROCESSOR_DEFINITIONS = (
					"DEBUG=1",
					"$(inherited)",
				);
				GCC_WARN_64_TO_32_BIT_CONVERSION = YES;
				GCC_WARN_ABOUT_RETURN_TYPE = YES_ERROR;
				GCC_WARN_UNDECLARED_SELECTOR = YES;
				GCC_WARN_UNINITIALIZED_AUTOS = YES_AGGRESSIVE;
				GCC_WARN_UNUSED_FUNCTION = YES;
				GCC_WARN_UNUSED_VARIABLE = YES;
				IPHONEOS_DEPLOYMENT_TARGET = 15.0;
				MTL_ENABLE_DEBUG_INFO = INCLUDE_SOURCE;
				MTL_FAST_MATH = YES;
				ONLY_ACTIVE_ARCH = YES;
				SDKROOT = iphoneos;
				SWIFT_ACTIVE_COMPILATION_CONDITIONS = DEBUG;
				SWIFT_OPTIMIZATION_LEVEL = "-Onone";
			};
			name = Debug;
		};
		2D44EFB626B4CD3A00E4A1FE /* Release */ = {
			isa = XCBuildConfiguration;
			buildSettings = {
				ALWAYS_SEARCH_USER_PATHS = NO;
				CLANG_ANALYZER_NONNULL = YES;
				CLANG_ANALYZER_NUMBER_OBJECT_CONVERSION = YES_AGGRESSIVE;
				CLANG_CXX_LANGUAGE_STANDARD = "gnu++14";
				CLANG_CXX_LIBRARY = "libc++";
				CLANG_ENABLE_MODULES = YES;
				CLANG_ENABLE_OBJC_ARC = YES;
				CLANG_ENABLE_OBJC_WEAK = YES;
				CLANG_WARN_BLOCK_CAPTURE_AUTORELEASING = YES;
				CLANG_WARN_BOOL_CONVERSION = YES;
				CLANG_WARN_COMMA = YES;
				CLANG_WARN_CONSTANT_CONVERSION = YES;
				CLANG_WARN_DEPRECATED_OBJC_IMPLEMENTATIONS = YES;
				CLANG_WARN_DIRECT_OBJC_ISA_USAGE = YES_ERROR;
				CLANG_WARN_DOCUMENTATION_COMMENTS = YES;
				CLANG_WARN_EMPTY_BODY = YES;
				CLANG_WARN_ENUM_CONVERSION = YES;
				CLANG_WARN_INFINITE_RECURSION = YES;
				CLANG_WARN_INT_CONVERSION = YES;
				CLANG_WARN_NON_LITERAL_NULL_CONVERSION = YES;
				CLANG_WARN_OBJC_IMPLICIT_RETAIN_SELF = YES;
				CLANG_WARN_OBJC_LITERAL_CONVERSION = YES;
				CLANG_WARN_OBJC_ROOT_CLASS = YES_ERROR;
				CLANG_WARN_QUOTED_INCLUDE_IN_FRAMEWORK_HEADER = YES;
				CLANG_WARN_RANGE_LOOP_ANALYSIS = YES;
				CLANG_WARN_STRICT_PROTOTYPES = YES;
				CLANG_WARN_SUSPICIOUS_MOVE = YES;
				CLANG_WARN_UNGUARDED_AVAILABILITY = YES_AGGRESSIVE;
				CLANG_WARN_UNREACHABLE_CODE = YES;
				CLANG_WARN__DUPLICATE_METHOD_MATCH = YES;
				COPY_PHASE_STRIP = NO;
				DEBUG_INFORMATION_FORMAT = "dwarf-with-dsym";
				ENABLE_NS_ASSERTIONS = NO;
				ENABLE_STRICT_OBJC_MSGSEND = YES;
				GCC_C_LANGUAGE_STANDARD = gnu11;
				GCC_NO_COMMON_BLOCKS = YES;
				GCC_WARN_64_TO_32_BIT_CONVERSION = YES;
				GCC_WARN_ABOUT_RETURN_TYPE = YES_ERROR;
				GCC_WARN_UNDECLARED_SELECTOR = YES;
				GCC_WARN_UNINITIALIZED_AUTOS = YES_AGGRESSIVE;
				GCC_WARN_UNUSED_FUNCTION = YES;
				GCC_WARN_UNUSED_VARIABLE = YES;
				IPHONEOS_DEPLOYMENT_TARGET = 15.0;
				MTL_ENABLE_DEBUG_INFO = NO;
				MTL_FAST_MATH = YES;
				SDKROOT = iphoneos;
				SWIFT_COMPILATION_MODE = wholemodule;
				SWIFT_OPTIMIZATION_LEVEL = "-O";
				VALIDATE_PRODUCT = YES;
			};
			name = Release;
		};
		2D44EFB826B4CD3A00E4A1FE /* Debug */ = {
			isa = XCBuildConfiguration;
			buildSettings = {
				ASSETCATALOG_COMPILER_APPICON_NAME = AppIcon;
				ASSETCATALOG_COMPILER_GLOBAL_ACCENT_COLOR_NAME = AccentColor;
				CODE_SIGN_STYLE = Automatic;
				CURRENT_PROJECT_VERSION = 2;
				DEVELOPMENT_ASSET_PATHS = "\"DSSwiftUI/Preview Content\"";
				DEVELOPMENT_TEAM = D5295S9Y6Q;
				ENABLE_PREVIEWS = YES;
				INFOPLIST_FILE = DSSwiftUI/Info.plist;
				IPHONEOS_DEPLOYMENT_TARGET = 15.0;
				LD_RUNPATH_SEARCH_PATHS = (
					"$(inherited)",
					"@executable_path/Frameworks",
				);
				MARKETING_VERSION = 0.1.0;
				PRODUCT_BUNDLE_IDENTIFIER = com.gannon.matt.VinylShuffler;
				PRODUCT_NAME = "$(TARGET_NAME)";
				SWIFT_VERSION = 5.0;
				TARGETED_DEVICE_FAMILY = 1;
			};
			name = Debug;
		};
		2D44EFB926B4CD3A00E4A1FE /* Release */ = {
			isa = XCBuildConfiguration;
			buildSettings = {
				ASSETCATALOG_COMPILER_APPICON_NAME = AppIcon;
				ASSETCATALOG_COMPILER_GLOBAL_ACCENT_COLOR_NAME = AccentColor;
				CODE_SIGN_STYLE = Automatic;
				CURRENT_PROJECT_VERSION = 2;
				DEVELOPMENT_ASSET_PATHS = "\"DSSwiftUI/Preview Content\"";
				DEVELOPMENT_TEAM = D5295S9Y6Q;
				ENABLE_PREVIEWS = YES;
				INFOPLIST_FILE = DSSwiftUI/Info.plist;
				IPHONEOS_DEPLOYMENT_TARGET = 15.0;
				LD_RUNPATH_SEARCH_PATHS = (
					"$(inherited)",
					"@executable_path/Frameworks",
				);
				MARKETING_VERSION = 0.1.0;
				PRODUCT_BUNDLE_IDENTIFIER = com.gannon.matt.VinylShuffler;
				PRODUCT_NAME = "$(TARGET_NAME)";
				SWIFT_VERSION = 5.0;
				TARGETED_DEVICE_FAMILY = 1;
			};
			name = Release;
		};
		2DC892D0274ACCFA00010F6C /* Debug */ = {
			isa = XCBuildConfiguration;
			buildSettings = {
				BUNDLE_LOADER = "$(TEST_HOST)";
				CLANG_CXX_LANGUAGE_STANDARD = "gnu++17";
				CODE_SIGN_STYLE = Automatic;
				CURRENT_PROJECT_VERSION = 1;
				DEVELOPMENT_TEAM = Z7TD764G3G;
				GENERATE_INFOPLIST_FILE = YES;
				LD_RUNPATH_SEARCH_PATHS = (
					"$(inherited)",
					"@executable_path/Frameworks",
					"@loader_path/Frameworks",
				);
				MARKETING_VERSION = 1.0;
				PRODUCT_BUNDLE_IDENTIFIER = me.gannon.matt.DSSwiftUITests;
				PRODUCT_NAME = "$(TARGET_NAME)";
				SWIFT_EMIT_LOC_STRINGS = NO;
				SWIFT_VERSION = 5.0;
				TARGETED_DEVICE_FAMILY = "1,2";
				TEST_HOST = "$(BUILT_PRODUCTS_DIR)/DSSwiftUI.app/DSSwiftUI";
			};
			name = Debug;
		};
		2DC892D1274ACCFA00010F6C /* Release */ = {
			isa = XCBuildConfiguration;
			buildSettings = {
				BUNDLE_LOADER = "$(TEST_HOST)";
				CLANG_CXX_LANGUAGE_STANDARD = "gnu++17";
				CODE_SIGN_STYLE = Automatic;
				CURRENT_PROJECT_VERSION = 1;
				DEVELOPMENT_TEAM = Z7TD764G3G;
				GENERATE_INFOPLIST_FILE = YES;
				LD_RUNPATH_SEARCH_PATHS = (
					"$(inherited)",
					"@executable_path/Frameworks",
					"@loader_path/Frameworks",
				);
				MARKETING_VERSION = 1.0;
				PRODUCT_BUNDLE_IDENTIFIER = me.gannon.matt.DSSwiftUITests;
				PRODUCT_NAME = "$(TARGET_NAME)";
				SWIFT_EMIT_LOC_STRINGS = NO;
				SWIFT_VERSION = 5.0;
				TARGETED_DEVICE_FAMILY = "1,2";
				TEST_HOST = "$(BUILT_PRODUCTS_DIR)/DSSwiftUI.app/DSSwiftUI";
			};
			name = Release;
		};
/* End XCBuildConfiguration section */

/* Begin XCConfigurationList section */
		2D44EF9E26B4CD3700E4A1FE /* Build configuration list for PBXProject "DSSwiftUI" */ = {
			isa = XCConfigurationList;
			buildConfigurations = (
				2D44EFB526B4CD3A00E4A1FE /* Debug */,
				2D44EFB626B4CD3A00E4A1FE /* Release */,
			);
			defaultConfigurationIsVisible = 0;
			defaultConfigurationName = Release;
		};
		2D44EFB726B4CD3A00E4A1FE /* Build configuration list for PBXNativeTarget "DSSwiftUI" */ = {
			isa = XCConfigurationList;
			buildConfigurations = (
				2D44EFB826B4CD3A00E4A1FE /* Debug */,
				2D44EFB926B4CD3A00E4A1FE /* Release */,
			);
			defaultConfigurationIsVisible = 0;
			defaultConfigurationName = Release;
		};
		2DC892D2274ACCFA00010F6C /* Build configuration list for PBXNativeTarget "DSSwiftUITests" */ = {
			isa = XCConfigurationList;
			buildConfigurations = (
				2DC892D0274ACCFA00010F6C /* Debug */,
				2DC892D1274ACCFA00010F6C /* Release */,
			);
			defaultConfigurationIsVisible = 0;
			defaultConfigurationName = Release;
		};
/* End XCConfigurationList section */

/* Begin XCRemoteSwiftPackageReference section */
		2D66A309273DD86C00473FAA /* XCRemoteSwiftPackageReference "realm-cocoa" */ = {
			isa = XCRemoteSwiftPackageReference;
			repositoryURL = "https://github.com/realm/realm-cocoa.git";
			requirement = {
				kind = upToNextMinorVersion;
				minimumVersion = 10.12.0;
			};
		};
		2DCAF999272871B900649636 /* XCRemoteSwiftPackageReference "OAuthSwift" */ = {
			isa = XCRemoteSwiftPackageReference;
			repositoryURL = "https://github.com/OAuthSwift/OAuthSwift";
			requirement = {
				kind = upToNextMajorVersion;
				minimumVersion = 2.2.0;
			};
		};
/* End XCRemoteSwiftPackageReference section */

/* Begin XCSwiftPackageProductDependency section */
		2D66A30A273DD86C00473FAA /* Realm */ = {
			isa = XCSwiftPackageProductDependency;
			package = 2D66A309273DD86C00473FAA /* XCRemoteSwiftPackageReference "realm-cocoa" */;
			productName = Realm;
		};
		2D66A30C273DD86C00473FAA /* RealmSwift */ = {
			isa = XCSwiftPackageProductDependency;
			package = 2D66A309273DD86C00473FAA /* XCRemoteSwiftPackageReference "realm-cocoa" */;
			productName = RealmSwift;
		};
		2DCAF99A272871B900649636 /* OAuthSwift */ = {
			isa = XCSwiftPackageProductDependency;
			package = 2DCAF999272871B900649636 /* XCRemoteSwiftPackageReference "OAuthSwift" */;
			productName = OAuthSwift;
		};
/* End XCSwiftPackageProductDependency section */
	};
	rootObject = 2D44EF9B26B4CD3700E4A1FE /* Project object */;
}
